// !$*UTF8*$!
{
	archiveVersion = 1;
	classes = {
	};
	objectVersion = 56;
	objects = {

/* Begin PBXBuildFile section */
		B6A260152BEB8F4500192ACB /* AppDelegate.swift in Sources */ = {isa = PBXBuildFile; fileRef = B6A260142BEB8F4500192ACB /* AppDelegate.swift */; };
		B6A260172BEB8F4500192ACB /* SceneDelegate.swift in Sources */ = {isa = PBXBuildFile; fileRef = B6A260162BEB8F4500192ACB /* SceneDelegate.swift */; };
		B6A260192BEB8F4500192ACB /* ViewController.swift in Sources */ = {isa = PBXBuildFile; fileRef = B6A260182BEB8F4500192ACB /* ViewController.swift */; };
		B6A2601C2BEB8F4500192ACB /* Main.storyboard in Resources */ = {isa = PBXBuildFile; fileRef = B6A2601A2BEB8F4500192ACB /* Main.storyboard */; };
		B6A2601E2BEB8F4700192ACB /* Assets.xcassets in Resources */ = {isa = PBXBuildFile; fileRef = B6A2601D2BEB8F4700192ACB /* Assets.xcassets */; };
		B6A260212BEB8F4700192ACB /* LaunchScreen.storyboard in Resources */ = {isa = PBXBuildFile; fileRef = B6A2601F2BEB8F4700192ACB /* LaunchScreen.storyboard */; };
		B6A2602A2BEB8F7E00192ACB /* firstType.swift in Sources */ = {isa = PBXBuildFile; fileRef = B6A260282BEB8F7E00192ACB /* firstType.swift */; };
		B6A2602B2BEB8F7E00192ACB /* firstType.xib in Resources */ = {isa = PBXBuildFile; fileRef = B6A260292BEB8F7E00192ACB /* firstType.xib */; };
		B6A2602E2BEB8FBB00192ACB /* secondType.swift in Sources */ = {isa = PBXBuildFile; fileRef = B6A2602C2BEB8FBB00192ACB /* secondType.swift */; };
		B6A2602F2BEB8FBB00192ACB /* secondType.xib in Resources */ = {isa = PBXBuildFile; fileRef = B6A2602D2BEB8FBB00192ACB /* secondType.xib */; };
/* End PBXBuildFile section */

/* Begin PBXFileReference section */
		B6A260112BEB8F4500192ACB /* CVTest.app */ = {isa = PBXFileReference; explicitFileType = wrapper.application; includeInIndex = 0; path = CVTest.app; sourceTree = BUILT_PRODUCTS_DIR; };
		B6A260142BEB8F4500192ACB /* AppDelegate.swift */ = {isa = PBXFileReference; lastKnownFileType = sourcecode.swift; path = AppDelegate.swift; sourceTree = "<group>"; };
		B6A260162BEB8F4500192ACB /* SceneDelegate.swift */ = {isa = PBXFileReference; lastKnownFileType = sourcecode.swift; path = SceneDelegate.swift; sourceTree = "<group>"; };
		B6A260182BEB8F4500192ACB /* ViewController.swift */ = {isa = PBXFileReference; lastKnownFileType = sourcecode.swift; path = ViewController.swift; sourceTree = "<group>"; };
		B6A2601B2BEB8F4500192ACB /* Base */ = {isa = PBXFileReference; lastKnownFileType = file.storyboard; name = Base; path = Base.lproj/Main.storyboard; sourceTree = "<group>"; };
		B6A2601D2BEB8F4700192ACB /* Assets.xcassets */ = {isa = PBXFileReference; lastKnownFileType = folder.assetcatalog; path = Assets.xcassets; sourceTree = "<group>"; };
		B6A260202BEB8F4700192ACB /* Base */ = {isa = PBXFileReference; lastKnownFileType = file.storyboard; name = Base; path = Base.lproj/LaunchScreen.storyboard; sourceTree = "<group>"; };
		B6A260222BEB8F4700192ACB /* Info.plist */ = {isa = PBXFileReference; lastKnownFileType = text.plist.xml; path = Info.plist; sourceTree = "<group>"; };
		B6A260282BEB8F7E00192ACB /* firstType.swift */ = {isa = PBXFileReference; lastKnownFileType = sourcecode.swift; path = firstType.swift; sourceTree = "<group>"; };
		B6A260292BEB8F7E00192ACB /* firstType.xib */ = {isa = PBXFileReference; lastKnownFileType = file.xib; path = firstType.xib; sourceTree = "<group>"; };
		B6A2602C2BEB8FBB00192ACB /* secondType.swift */ = {isa = PBXFileReference; lastKnownFileType = sourcecode.swift; path = secondType.swift; sourceTree = "<group>"; };
		B6A2602D2BEB8FBB00192ACB /* secondType.xib */ = {isa = PBXFileReference; lastKnownFileType = file.xib; path = secondType.xib; sourceTree = "<group>"; };
/* End PBXFileReference section */

/* Begin PBXFrameworksBuildPhase section */
		B6A2600E2BEB8F4500192ACB /* Frameworks */ = {
			isa = PBXFrameworksBuildPhase;
			buildActionMask = 2147483647;
			files = (
			);
			runOnlyForDeploymentPostprocessing = 0;
		};
/* End PBXFrameworksBuildPhase section */

/* Begin PBXGroup section */
		B6A260082BEB8F4500192ACB = {
			isa = PBXGroup;
			children = (
				B6A260132BEB8F4500192ACB /* CVTest */,
				B6A260122BEB8F4500192ACB /* Products */,
			);
			sourceTree = "<group>";
		};
		B6A260122BEB8F4500192ACB /* Products */ = {
			isa = PBXGroup;
			children = (
				B6A260112BEB8F4500192ACB /* CVTest.app */,
			);
			name = Products;
			sourceTree = "<group>";
		};
		B6A260132BEB8F4500192ACB /* CVTest */ = {
			isa = PBXGroup;
			children = (
				B6A260142BEB8F4500192ACB /* AppDelegate.swift */,
				B6A260162BEB8F4500192ACB /* SceneDelegate.swift */,
				B6A260182BEB8F4500192ACB /* ViewController.swift */,
				B6A2601A2BEB8F4500192ACB /* Main.storyboard */,
				B6A2601D2BEB8F4700192ACB /* Assets.xcassets */,
				B6A2601F2BEB8F4700192ACB /* LaunchScreen.storyboard */,
				B6A260222BEB8F4700192ACB /* Info.plist */,
				B6A260282BEB8F7E00192ACB /* firstType.swift */,
				B6A260292BEB8F7E00192ACB /* firstType.xib */,
				B6A2602C2BEB8FBB00192ACB /* secondType.swift */,
				B6A2602D2BEB8FBB00192ACB /* secondType.xib */,
			);
			path = CVTest;
			sourceTree = "<group>";
		};
/* End PBXGroup section */

/* Begin PBXNativeTarget section */
		B6A260102BEB8F4500192ACB /* CVTest */ = {
			isa = PBXNativeTarget;
			buildConfigurationList = B6A260252BEB8F4700192ACB /* Build configuration list for PBXNativeTarget "CVTest" */;
			buildPhases = (
				B6A2600D2BEB8F4500192ACB /* Sources */,
				B6A2600E2BEB8F4500192ACB /* Frameworks */,
				B6A2600F2BEB8F4500192ACB /* Resources */,
			);
			buildRules = (
			);
			dependencies = (
			);
			name = CVTest;
			productName = CVTest;
			productReference = B6A260112BEB8F4500192ACB /* CVTest.app */;
			productType = "com.apple.product-type.application";
		};
/* End PBXNativeTarget section */

/* Begin PBXProject section */
		B6A260092BEB8F4500192ACB /* Project object */ = {
			isa = PBXProject;
			attributes = {
				BuildIndependentTargetsInParallel = 1;
				LastSwiftUpdateCheck = 1500;
				LastUpgradeCheck = 1500;
				TargetAttributes = {
					B6A260102BEB8F4500192ACB = {
						CreatedOnToolsVersion = 15.0;
					};
				};
			};
			buildConfigurationList = B6A2600C2BEB8F4500192ACB /* Build configuration list for PBXProject "CVTest" */;
			compatibilityVersion = "Xcode 14.0";
			developmentRegion = en;
			hasScannedForEncodings = 0;
			knownRegions = (
				en,
				Base,
			);
			mainGroup = B6A260082BEB8F4500192ACB;
			productRefGroup = B6A260122BEB8F4500192ACB /* Products */;
			projectDirPath = "";
			projectRoot = "";
			targets = (
				B6A260102BEB8F4500192ACB /* CVTest */,
			);
		};
/* End PBXProject section */

/* Begin PBXResourcesBuildPhase section */
		B6A2600F2BEB8F4500192ACB /* Resources */ = {
			isa = PBXResourcesBuildPhase;
			buildActionMask = 2147483647;
			files = (
				B6A2602B2BEB8F7E00192ACB /* firstType.xib in Resources */,
				B6A260212BEB8F4700192ACB /* LaunchScreen.storyboard in Resources */,
				B6A2601E2BEB8F4700192ACB /* Assets.xcassets in Resources */,
				B6A2602F2BEB8FBB00192ACB /* secondType.xib in Resources */,
				B6A2601C2BEB8F4500192ACB /* Main.storyboard in Resources */,
			);
			runOnlyForDeploymentPostprocessing = 0;
		};
/* End PBXResourcesBuildPhase section */

/* Begin PBXSourcesBuildPhase section */
		B6A2600D2BEB8F4500192ACB /* Sources */ = {
			isa = PBXSourcesBuildPhase;
			buildActionMask = 2147483647;
			files = (
				B6A2602A2BEB8F7E00192ACB /* firstType.swift in Sources */,
				B6A260192BEB8F4500192ACB /* ViewController.swift in Sources */,
				B6A260152BEB8F4500192ACB /* AppDelegate.swift in Sources */,
				B6A260172BEB8F4500192ACB /* SceneDelegate.swift in Sources */,
				B6A2602E2BEB8FBB00192ACB /* secondType.swift in Sources */,
			);
			runOnlyForDeploymentPostprocessing = 0;
		};
/* End PBXSourcesBuildPhase section */

/* Begin PBXVariantGroup section */
		B6A2601A2BEB8F4500192ACB /* Main.storyboard */ = {
			isa = PBXVariantGroup;
			children = (
				B6A2601B2BEB8F4500192ACB /* Base */,
			);
			name = Main.storyboard;
			sourceTree = "<group>";
		};
		B6A2601F2BEB8F4700192ACB /* LaunchScreen.storyboard */ = {
			isa = PBXVariantGroup;
			children = (
				B6A260202BEB8F4700192ACB /* Base */,
			);
			name = LaunchScreen.storyboard;
			sourceTree = "<group>";
		};
/* End PBXVariantGroup section */

/* Begin XCBuildConfiguration section */
		B6A260232BEB8F4700192ACB /* Debug */ = {
			isa = XCBuildConfiguration;
			buildSettings = {
				ALWAYS_SEARCH_USER_PATHS = NO;
				ASSETCATALOG_COMPILER_GENERATE_SWIFT_ASSET_SYMBOL_EXTENSIONS = YES;
				CLANG_ANALYZER_NONNULL = YES;
				CLANG_ANALYZER_NUMBER_OBJECT_CONVERSION = YES_AGGRESSIVE;
				CLANG_CXX_LANGUAGE_STANDARD = "gnu++20";
				CLANG_ENABLE_MODULES = YES;
				CLANG_ENABLE_OBJC_ARC = YES;
				CLANG_ENABLE_OBJC_WEAK = YES;
				CLANG_WARN_BLOCK_CAPTURE_AUTORELEASING = YES;
				CLANG_WARN_BOOL_CONVERSION = YES;
				CLANG_WARN_COMMA = YES;
				CLANG_WARN_CONSTANT_CONVERSION = YES;
				CLANG_WARN_DEPRECATED_OBJC_IMPLEMENTATIONS = YES;
				CLANG_WARN_DIRECT_OBJC_ISA_USAGE = YES_ERROR;
				CLANG_WARN_DOCUMENTATION_COMMENTS = YES;
				CLANG_WARN_EMPTY_BODY = YES;
				CLANG_WARN_ENUM_CONVERSION = YES;
				CLANG_WARN_INFINITE_RECURSION = YES;
				CLANG_WARN_INT_CONVERSION = YES;
				CLANG_WARN_NON_LITERAL_NULL_CONVERSION = YES;
				CLANG_WARN_OBJC_IMPLICIT_RETAIN_SELF = YES;
				CLANG_WARN_OBJC_LITERAL_CONVERSION = YES;
				CLANG_WARN_OBJC_ROOT_CLASS = YES_ERROR;
				CLANG_WARN_QUOTED_INCLUDE_IN_FRAMEWORK_HEADER = YES;
				CLANG_WARN_RANGE_LOOP_ANALYSIS = YES;
				CLANG_WARN_STRICT_PROTOTYPES = YES;
				CLANG_WARN_SUSPICIOUS_MOVE = YES;
				CLANG_WARN_UNGUARDED_AVAILABILITY = YES_AGGRESSIVE;
				CLANG_WARN_UNREACHABLE_CODE = YES;
				CLANG_WARN__DUPLICATE_METHOD_MATCH = YES;
				COPY_PHASE_STRIP = NO;
				DEBUG_INFORMATION_FORMAT = dwarf;
				ENABLE_STRICT_OBJC_MSGSEND = YES;
				ENABLE_TESTABILITY = YES;
				ENABLE_USER_SCRIPT_SANDBOXING = YES;
				GCC_C_LANGUAGE_STANDARD = gnu17;
				GCC_DYNAMIC_NO_PIC = NO;
				GCC_NO_COMMON_BLOCKS = YES;
				GCC_OPTIMIZATION_LEVEL = 0;
				GCC_PREPROCESSOR_DEFINITIONS = (
					"DEBUG=1",
					"$(inherited)",
				);
				GCC_WARN_64_TO_32_BIT_CONVERSION = YES;
				GCC_WARN_ABOUT_RETURN_TYPE = YES_ERROR;
				GCC_WARN_UNDECLARED_SELECTOR = YES;
				GCC_WARN_UNINITIALIZED_AUTOS = YES_AGGRESSIVE;
				GCC_WARN_UNUSED_FUNCTION = YES;
				GCC_WARN_UNUSED_VARIABLE = YES;
				IPHONEOS_DEPLOYMENT_TARGET = 17.0;
				LOCALIZATION_PREFERS_STRING_CATALOGS = YES;
				MTL_ENABLE_DEBUG_INFO = INCLUDE_SOURCE;
				MTL_FAST_MATH = YES;
				ONLY_ACTIVE_ARCH = YES;
				SDKROOT = iphoneos;
				SWIFT_ACTIVE_COMPILATION_CONDITIONS = "DEBUG $(inherited)";
				SWIFT_OPTIMIZATION_LEVEL = "-Onone";
			};
			name = Debug;
		};
		B6A260242BEB8F4700192ACB /* Release */ = {
			isa = XCBuildConfiguration;
			buildSettings = {
				ALWAYS_SEARCH_USER_PATHS = NO;
				ASSETCATALOG_COMPILER_GENERATE_SWIFT_ASSET_SYMBOL_EXTENSIONS = YES;
				CLANG_ANALYZER_NONNULL = YES;
				CLANG_ANALYZER_NUMBER_OBJECT_CONVERSION = YES_AGGRESSIVE;
				CLANG_CXX_LANGUAGE_STANDARD = "gnu++20";
				CLANG_ENABLE_MODULES = YES;
				CLANG_ENABLE_OBJC_ARC = YES;
				CLANG_ENABLE_OBJC_WEAK = YES;
				CLANG_WARN_BLOCK_CAPTURE_AUTORELEASING = YES;
				CLANG_WARN_BOOL_CONVERSION = YES;
				CLANG_WARN_COMMA = YES;
				CLANG_WARN_CONSTANT_CONVERSION = YES;
				CLANG_WARN_DEPRECATED_OBJC_IMPLEMENTATIONS = YES;
				CLANG_WARN_DIRECT_OBJC_ISA_USAGE = YES_ERROR;
				CLANG_WARN_DOCUMENTATION_COMMENTS = YES;
				CLANG_WARN_EMPTY_BODY = YES;
				CLANG_WARN_ENUM_CONVERSION = YES;
				CLANG_WARN_INFINITE_RECURSION = YES;
				CLANG_WARN_INT_CONVERSION = YES;
				CLANG_WARN_NON_LITERAL_NULL_CONVERSION = YES;
				CLANG_WARN_OBJC_IMPLICIT_RETAIN_SELF = YES;
				CLANG_WARN_OBJC_LITERAL_CONVERSION = YES;
				CLANG_WARN_OBJC_ROOT_CLASS = YES_ERROR;
				CLANG_WARN_QUOTED_INCLUDE_IN_FRAMEWORK_HEADER = YES;
				CLANG_WARN_RANGE_LOOP_ANALYSIS = YES;
				CLANG_WARN_STRICT_PROTOTYPES = YES;
				CLANG_WARN_SUSPICIOUS_MOVE = YES;
				CLANG_WARN_UNGUARDED_AVAILABILITY = YES_AGGRESSIVE;
				CLANG_WARN_UNREACHABLE_CODE = YES;
				CLANG_WARN__DUPLICATE_METHOD_MATCH = YES;
				COPY_PHASE_STRIP = NO;
				DEBUG_INFORMATION_FORMAT = "dwarf-with-dsym";
				ENABLE_NS_ASSERTIONS = NO;
				ENABLE_STRICT_OBJC_MSGSEND = YES;
				ENABLE_USER_SCRIPT_SANDBOXING = YES;
				GCC_C_LANGUAGE_STANDARD = gnu17;
				GCC_NO_COMMON_BLOCKS = YES;
				GCC_WARN_64_TO_32_BIT_CONVERSION = YES;
				GCC_WARN_ABOUT_RETURN_TYPE = YES_ERROR;
				GCC_WARN_UNDECLARED_SELECTOR = YES;
				GCC_WARN_UNINITIALIZED_AUTOS = YES_AGGRESSIVE;
				GCC_WARN_UNUSED_FUNCTION = YES;
				GCC_WARN_UNUSED_VARIABLE = YES;
				IPHONEOS_DEPLOYMENT_TARGET = 17.0;
				LOCALIZATION_PREFERS_STRING_CATALOGS = YES;
				MTL_ENABLE_DEBUG_INFO = NO;
				MTL_FAST_MATH = YES;
				SDKROOT = iphoneos;
				SWIFT_COMPILATION_MODE = wholemodule;
				VALIDATE_PRODUCT = YES;
			};
			name = Release;
		};
		B6A260262BEB8F4700192ACB /* Debug */ = {
			isa = XCBuildConfiguration;
			buildSettings = {
				ASSETCATALOG_COMPILER_APPICON_NAME = AppIcon;
				ASSETCATALOG_COMPILER_GLOBAL_ACCENT_COLOR_NAME = AccentColor;
				CODE_SIGN_STYLE = Automatic;
				CURRENT_PROJECT_VERSION = 1;
				DEVELOPMENT_TEAM = F6D54EKEXR;
				GENERATE_INFOPLIST_FILE = YES;
				INFOPLIST_FILE = CVTest/Info.plist;
				INFOPLIST_KEY_UIApplicationSupportsIndirectInputEvents = YES;
				INFOPLIST_KEY_UILaunchStoryboardName = LaunchScreen;
				INFOPLIST_KEY_UIMainStoryboardFile = Main;
				INFOPLIST_KEY_UISupportedInterfaceOrientations_iPad = "UIInterfaceOrientationPortrait UIInterfaceOrientationPortraitUpsideDown UIInterfaceOrientationLandscapeLeft UIInterfaceOrientationLandscapeRight";
				INFOPLIST_KEY_UISupportedInterfaceOrientations_iPhone = "UIInterfaceOrientationPortrait UIInterfaceOrientationLandscapeLeft UIInterfaceOrientationLandscapeRight";
				LD_RUNPATH_SEARCH_PATHS = (
					"$(inherited)",
					"@executable_path/Frameworks",
				);
				MARKETING_VERSION = 1.0;
				PRODUCT_BUNDLE_IDENTIFIER = io.xotech.CVTest;
				PRODUCT_NAME = "$(TARGET_NAME)";
				SWIFT_EMIT_LOC_STRINGS = YES;
				SWIFT_VERSION = 5.0;
				TARGETED_DEVICE_FAMILY = "1,2";
			};
			name = Debug;
		};
		B6A260272BEB8F4700192ACB /* Release */ = {
			isa = XCBuildConfiguration;
			buildSettings = {
				ASSETCATALOG_COMPILER_APPICON_NAME = AppIcon;
				ASSETCATALOG_COMPILER_GLOBAL_ACCENT_COLOR_NAME = AccentColor;
				CODE_SIGN_STYLE = Automatic;
				CURRENT_PROJECT_VERSION = 1;
				DEVELOPMENT_TEAM = F6D54EKEXR;
				GENERATE_INFOPLIST_FILE = YES;
				INFOPLIST_FILE = CVTest/Info.plist;
				INFOPLIST_KEY_UIApplicationSupportsIndirectInputEvents = YES;
				INFOPLIST_KEY_UILaunchStoryboardName = LaunchScreen;
				INFOPLIST_KEY_UIMainStoryboardFile = Main;
				INFOPLIST_KEY_UISupportedInterfaceOrientations_iPad = "UIInterfaceOrientationPortrait UIInterfaceOrientationPortraitUpsideDown UIInterfaceOrientationLandscapeLeft UIInterfaceOrientationLandscapeRight";
				INFOPLIST_KEY_UISupportedInterfaceOrientations_iPhone = "UIInterfaceOrientationPortrait UIInterfaceOrientationLandscapeLeft UIInterfaceOrientationLandscapeRight";
				LD_RUNPATH_SEARCH_PATHS = (
					"$(inherited)",
					"@executable_path/Frameworks",
				);
				MARKETING_VERSION = 1.0;
				PRODUCT_BUNDLE_IDENTIFIER = io.xotech.CVTest;
				PRODUCT_NAME = "$(TARGET_NAME)";
				SWIFT_EMIT_LOC_STRINGS = YES;
				SWIFT_VERSION = 5.0;
				TARGETED_DEVICE_FAMILY = "1,2";
			};
			name = Release;
		};
/* End XCBuildConfiguration section */

/* Begin XCConfigurationList section */
		B6A2600C2BEB8F4500192ACB /* Build configuration list for PBXProject "CVTest" */ = {
			isa = XCConfigurationList;
			buildConfigurations = (
				B6A260232BEB8F4700192ACB /* Debug */,
				B6A260242BEB8F4700192ACB /* Release */,
			);
			defaultConfigurationIsVisible = 0;
			defaultConfigurationName = Release;
		};
		B6A260252BEB8F4700192ACB /* Build configuration list for PBXNativeTarget "CVTest" */ = {
			isa = XCConfigurationList;
			buildConfigurations = (
				B6A260262BEB8F4700192ACB /* Debug */,
				B6A260272BEB8F4700192ACB /* Release */,
			);
			defaultConfigurationIsVisible = 0;
			defaultConfigurationName = Release;
		};
/* End XCConfigurationList section */
	};
	rootObject = B6A260092BEB8F4500192ACB /* Project object */;
}
