// !$*UTF8*$!
{
	archiveVersion = 1;
	classes = {
	};
	objectVersion = 56;
	objects = {

/* Begin PBXBuildFile section */
		B6EAD6C92BAB86090021187E /* AppDelegate.swift in Sources */ = {isa = PBXBuildFile; fileRef = B6EAD6C82BAB86090021187E /* AppDelegate.swift */; };
		B6EAD6CB2BAB86090021187E /* SceneDelegate.swift in Sources */ = {isa = PBXBuildFile; fileRef = B6EAD6CA2BAB86090021187E /* SceneDelegate.swift */; };
		B6EAD6D02BAB86090021187E /* Main.storyboard in Resources */ = {isa = PBXBuildFile; fileRef = B6EAD6CE2BAB86090021187E /* Main.storyboard */; };
		B6EAD6D22BAB860F0021187E /* Assets.xcassets in Resources */ = {isa = PBXBuildFile; fileRef = B6EAD6D12BAB860F0021187E /* Assets.xcassets */; };
		B6EAD6D52BAB860F0021187E /* LaunchScreen.storyboard in Resources */ = {isa = PBXBuildFile; fileRef = B6EAD6D32BAB860F0021187E /* LaunchScreen.storyboard */; };
		B6EAD6DD2BAB86660021187E /* SelectVideoViewController.swift in Sources */ = {isa = PBXBuildFile; fileRef = B6EAD6DC2BAB86660021187E /* SelectVideoViewController.swift */; };
		B6EAD6DF2BAB88760021187E /* SelectLanguageViewController.swift in Sources */ = {isa = PBXBuildFile; fileRef = B6EAD6DE2BAB88750021187E /* SelectLanguageViewController.swift */; };
		B6EAD6E12BAB8A230021187E /* ReadyTranslateViewController.swift in Sources */ = {isa = PBXBuildFile; fileRef = B6EAD6E02BAB8A230021187E /* ReadyTranslateViewController.swift */; };
		B6EAD6E32BAB8C340021187E /* ProcessingViewController.swift in Sources */ = {isa = PBXBuildFile; fileRef = B6EAD6E22BAB8C340021187E /* ProcessingViewController.swift */; };
		B6EAD6E52BAB92F60021187E /* LandingViewController.swift in Sources */ = {isa = PBXBuildFile; fileRef = B6EAD6E42BAB92F60021187E /* LandingViewController.swift */; };
/* End PBXBuildFile section */

/* Begin PBXFileReference section */
		B6EAD6C52BAB86090021187E /* navigationBasics.app */ = {isa = PBXFileReference; explicitFileType = wrapper.application; includeInIndex = 0; path = navigationBasics.app; sourceTree = BUILT_PRODUCTS_DIR; };
		B6EAD6C82BAB86090021187E /* AppDelegate.swift */ = {isa = PBXFileReference; lastKnownFileType = sourcecode.swift; path = AppDelegate.swift; sourceTree = "<group>"; };
		B6EAD6CA2BAB86090021187E /* SceneDelegate.swift */ = {isa = PBXFileReference; lastKnownFileType = sourcecode.swift; path = SceneDelegate.swift; sourceTree = "<group>"; };
		B6EAD6CF2BAB86090021187E /* Base */ = {isa = PBXFileReference; lastKnownFileType = file.storyboard; name = Base; path = Base.lproj/Main.storyboard; sourceTree = "<group>"; };
		B6EAD6D12BAB860F0021187E /* Assets.xcassets */ = {isa = PBXFileReference; lastKnownFileType = folder.assetcatalog; path = Assets.xcassets; sourceTree = "<group>"; };
		B6EAD6D42BAB860F0021187E /* Base */ = {isa = PBXFileReference; lastKnownFileType = file.storyboard; name = Base; path = Base.lproj/LaunchScreen.storyboard; sourceTree = "<group>"; };
		B6EAD6D62BAB860F0021187E /* Info.plist */ = {isa = PBXFileReference; lastKnownFileType = text.plist.xml; path = Info.plist; sourceTree = "<group>"; };
		B6EAD6DC2BAB86660021187E /* SelectVideoViewController.swift */ = {isa = PBXFileReference; lastKnownFileType = sourcecode.swift; path = SelectVideoViewController.swift; sourceTree = "<group>"; };
		B6EAD6DE2BAB88750021187E /* SelectLanguageViewController.swift */ = {isa = PBXFileReference; lastKnownFileType = sourcecode.swift; path = SelectLanguageViewController.swift; sourceTree = "<group>"; };
		B6EAD6E02BAB8A230021187E /* ReadyTranslateViewController.swift */ = {isa = PBXFileReference; lastKnownFileType = sourcecode.swift; path = ReadyTranslateViewController.swift; sourceTree = "<group>"; };
		B6EAD6E22BAB8C340021187E /* ProcessingViewController.swift */ = {isa = PBXFileReference; lastKnownFileType = sourcecode.swift; path = ProcessingViewController.swift; sourceTree = "<group>"; };
		B6EAD6E42BAB92F60021187E /* LandingViewController.swift */ = {isa = PBXFileReference; lastKnownFileType = sourcecode.swift; path = LandingViewController.swift; sourceTree = "<group>"; };
/* End PBXFileReference section */

/* Begin PBXFrameworksBuildPhase section */
		B6EAD6C22BAB86090021187E /* Frameworks */ = {
			isa = PBXFrameworksBuildPhase;
			buildActionMask = 2147483647;
			files = (
			);
			runOnlyForDeploymentPostprocessing = 0;
		};
/* End PBXFrameworksBuildPhase section */

/* Begin PBXGroup section */
		B6EAD6BC2BAB86090021187E = {
			isa = PBXGroup;
			children = (
				B6EAD6C72BAB86090021187E /* navigationBasics */,
				B6EAD6C62BAB86090021187E /* Products */,
			);
			sourceTree = "<group>";
		};
		B6EAD6C62BAB86090021187E /* Products */ = {
			isa = PBXGroup;
			children = (
				B6EAD6C52BAB86090021187E /* navigationBasics.app */,
			);
			name = Products;
			sourceTree = "<group>";
		};
		B6EAD6C72BAB86090021187E /* navigationBasics */ = {
			isa = PBXGroup;
			children = (
				B6EAD6C82BAB86090021187E /* AppDelegate.swift */,
				B6EAD6CA2BAB86090021187E /* SceneDelegate.swift */,
				B6EAD6CE2BAB86090021187E /* Main.storyboard */,
				B6EAD6D12BAB860F0021187E /* Assets.xcassets */,
				B6EAD6D32BAB860F0021187E /* LaunchScreen.storyboard */,
				B6EAD6D62BAB860F0021187E /* Info.plist */,
				B6EAD6DC2BAB86660021187E /* SelectVideoViewController.swift */,
				B6EAD6DE2BAB88750021187E /* SelectLanguageViewController.swift */,
				B6EAD6E02BAB8A230021187E /* ReadyTranslateViewController.swift */,
				B6EAD6E22BAB8C340021187E /* ProcessingViewController.swift */,
				B6EAD6E42BAB92F60021187E /* LandingViewController.swift */,
			);
			path = navigationBasics;
			sourceTree = "<group>";
		};
/* End PBXGroup section */

/* Begin PBXNativeTarget section */
		B6EAD6C42BAB86090021187E /* navigationBasics */ = {
			isa = PBXNativeTarget;
			buildConfigurationList = B6EAD6D92BAB860F0021187E /* Build configuration list for PBXNativeTarget "navigationBasics" */;
			buildPhases = (
				B6EAD6C12BAB86090021187E /* Sources */,
				B6EAD6C22BAB86090021187E /* Frameworks */,
				B6EAD6C32BAB86090021187E /* Resources */,
			);
			buildRules = (
			);
			dependencies = (
			);
			name = navigationBasics;
			productName = navigationBasics;
			productReference = B6EAD6C52BAB86090021187E /* navigationBasics.app */;
			productType = "com.apple.product-type.application";
		};
/* End PBXNativeTarget section */

/* Begin PBXProject section */
		B6EAD6BD2BAB86090021187E /* Project object */ = {
			isa = PBXProject;
			attributes = {
				BuildIndependentTargetsInParallel = 1;
				LastSwiftUpdateCheck = 1500;
				LastUpgradeCheck = 1500;
				TargetAttributes = {
					B6EAD6C42BAB86090021187E = {
						CreatedOnToolsVersion = 15.0;
					};
				};
			};
			buildConfigurationList = B6EAD6C02BAB86090021187E /* Build configuration list for PBXProject "navigationBasics" */;
			compatibilityVersion = "Xcode 14.0";
			developmentRegion = en;
			hasScannedForEncodings = 0;
			knownRegions = (
				en,
				Base,
			);
			mainGroup = B6EAD6BC2BAB86090021187E;
			productRefGroup = B6EAD6C62BAB86090021187E /* Products */;
			projectDirPath = "";
			projectRoot = "";
			targets = (
				B6EAD6C42BAB86090021187E /* navigationBasics */,
			);
		};
/* End PBXProject section */

/* Begin PBXResourcesBuildPhase section */
		B6EAD6C32BAB86090021187E /* Resources */ = {
			isa = PBXResourcesBuildPhase;
			buildActionMask = 2147483647;
			files = (
				B6EAD6D52BAB860F0021187E /* LaunchScreen.storyboard in Resources */,
				B6EAD6D22BAB860F0021187E /* Assets.xcassets in Resources */,
				B6EAD6D02BAB86090021187E /* Main.storyboard in Resources */,
			);
			runOnlyForDeploymentPostprocessing = 0;
		};
/* End PBXResourcesBuildPhase section */

/* Begin PBXSourcesBuildPhase section */
		B6EAD6C12BAB86090021187E /* Sources */ = {
			isa = PBXSourcesBuildPhase;
			buildActionMask = 2147483647;
			files = (
				B6EAD6DF2BAB88760021187E /* SelectLanguageViewController.swift in Sources */,
				B6EAD6E52BAB92F60021187E /* LandingViewController.swift in Sources */,
				B6EAD6E12BAB8A230021187E /* ReadyTranslateViewController.swift in Sources */,
				B6EAD6C92BAB86090021187E /* AppDelegate.swift in Sources */,
				B6EAD6E32BAB8C340021187E /* ProcessingViewController.swift in Sources */,
				B6EAD6CB2BAB86090021187E /* SceneDelegate.swift in Sources */,
				B6EAD6DD2BAB86660021187E /* SelectVideoViewController.swift in Sources */,
			);
			runOnlyForDeploymentPostprocessing = 0;
		};
/* End PBXSourcesBuildPhase section */

/* Begin PBXVariantGroup section */
		B6EAD6CE2BAB86090021187E /* Main.storyboard */ = {
			isa = PBXVariantGroup;
			children = (
				B6EAD6CF2BAB86090021187E /* Base */,
			);
			name = Main.storyboard;
			sourceTree = "<group>";
		};
		B6EAD6D32BAB860F0021187E /* LaunchScreen.storyboard */ = {
			isa = PBXVariantGroup;
			children = (
				B6EAD6D42BAB860F0021187E /* Base */,
			);
			name = LaunchScreen.storyboard;
			sourceTree = "<group>";
		};
/* End PBXVariantGroup section */

/* Begin XCBuildConfiguration section */
		B6EAD6D72BAB860F0021187E /* Debug */ = {
			isa = XCBuildConfiguration;
			buildSettings = {
				ALWAYS_SEARCH_USER_PATHS = NO;
				ASSETCATALOG_COMPILER_GENERATE_SWIFT_ASSET_SYMBOL_EXTENSIONS = YES;
				CLANG_ANALYZER_NONNULL = YES;
				CLANG_ANALYZER_NUMBER_OBJECT_CONVERSION = YES_AGGRESSIVE;
				CLANG_CXX_LANGUAGE_STANDARD = "gnu++20";
				CLANG_ENABLE_MODULES = YES;
				CLANG_ENABLE_OBJC_ARC = YES;
				CLANG_ENABLE_OBJC_WEAK = YES;
				CLANG_WARN_BLOCK_CAPTURE_AUTORELEASING = YES;
				CLANG_WARN_BOOL_CONVERSION = YES;
				CLANG_WARN_COMMA = YES;
				CLANG_WARN_CONSTANT_CONVERSION = YES;
				CLANG_WARN_DEPRECATED_OBJC_IMPLEMENTATIONS = YES;
				CLANG_WARN_DIRECT_OBJC_ISA_USAGE = YES_ERROR;
				CLANG_WARN_DOCUMENTATION_COMMENTS = YES;
				CLANG_WARN_EMPTY_BODY = YES;
				CLANG_WARN_ENUM_CONVERSION = YES;
				CLANG_WARN_INFINITE_RECURSION = YES;
				CLANG_WARN_INT_CONVERSION = YES;
				CLANG_WARN_NON_LITERAL_NULL_CONVERSION = YES;
				CLANG_WARN_OBJC_IMPLICIT_RETAIN_SELF = YES;
				CLANG_WARN_OBJC_LITERAL_CONVERSION = YES;
				CLANG_WARN_OBJC_ROOT_CLASS = YES_ERROR;
				CLANG_WARN_QUOTED_INCLUDE_IN_FRAMEWORK_HEADER = YES;
				CLANG_WARN_RANGE_LOOP_ANALYSIS = YES;
				CLANG_WARN_STRICT_PROTOTYPES = YES;
				CLANG_WARN_SUSPICIOUS_MOVE = YES;
				CLANG_WARN_UNGUARDED_AVAILABILITY = YES_AGGRESSIVE;
				CLANG_WARN_UNREACHABLE_CODE = YES;
				CLANG_WARN__DUPLICATE_METHOD_MATCH = YES;
				COPY_PHASE_STRIP = NO;
				DEBUG_INFORMATION_FORMAT = dwarf;
				ENABLE_STRICT_OBJC_MSGSEND = YES;
				ENABLE_TESTABILITY = YES;
				ENABLE_USER_SCRIPT_SANDBOXING = YES;
				GCC_C_LANGUAGE_STANDARD = gnu17;
				GCC_DYNAMIC_NO_PIC = NO;
				GCC_NO_COMMON_BLOCKS = YES;
				GCC_OPTIMIZATION_LEVEL = 0;
				GCC_PREPROCESSOR_DEFINITIONS = (
					"DEBUG=1",
					"$(inherited)",
				);
				GCC_WARN_64_TO_32_BIT_CONVERSION = YES;
				GCC_WARN_ABOUT_RETURN_TYPE = YES_ERROR;
				GCC_WARN_UNDECLARED_SELECTOR = YES;
				GCC_WARN_UNINITIALIZED_AUTOS = YES_AGGRESSIVE;
				GCC_WARN_UNUSED_FUNCTION = YES;
				GCC_WARN_UNUSED_VARIABLE = YES;
				IPHONEOS_DEPLOYMENT_TARGET = 17.0;
				LOCALIZATION_PREFERS_STRING_CATALOGS = YES;
				MTL_ENABLE_DEBUG_INFO = INCLUDE_SOURCE;
				MTL_FAST_MATH = YES;
				ONLY_ACTIVE_ARCH = YES;
				SDKROOT = iphoneos;
				SWIFT_ACTIVE_COMPILATION_CONDITIONS = "DEBUG $(inherited)";
				SWIFT_OPTIMIZATION_LEVEL = "-Onone";
			};
			name = Debug;
		};
		B6EAD6D82BAB860F0021187E /* Release */ = {
			isa = XCBuildConfiguration;
			buildSettings = {
				ALWAYS_SEARCH_USER_PATHS = NO;
				ASSETCATALOG_COMPILER_GENERATE_SWIFT_ASSET_SYMBOL_EXTENSIONS = YES;
				CLANG_ANALYZER_NONNULL = YES;
				CLANG_ANALYZER_NUMBER_OBJECT_CONVERSION = YES_AGGRESSIVE;
				CLANG_CXX_LANGUAGE_STANDARD = "gnu++20";
				CLANG_ENABLE_MODULES = YES;
				CLANG_ENABLE_OBJC_ARC = YES;
				CLANG_ENABLE_OBJC_WEAK = YES;
				CLANG_WARN_BLOCK_CAPTURE_AUTORELEASING = YES;
				CLANG_WARN_BOOL_CONVERSION = YES;
				CLANG_WARN_COMMA = YES;
				CLANG_WARN_CONSTANT_CONVERSION = YES;
				CLANG_WARN_DEPRECATED_OBJC_IMPLEMENTATIONS = YES;
				CLANG_WARN_DIRECT_OBJC_ISA_USAGE = YES_ERROR;
				CLANG_WARN_DOCUMENTATION_COMMENTS = YES;
				CLANG_WARN_EMPTY_BODY = YES;
				CLANG_WARN_ENUM_CONVERSION = YES;
				CLANG_WARN_INFINITE_RECURSION = YES;
				CLANG_WARN_INT_CONVERSION = YES;
				CLANG_WARN_NON_LITERAL_NULL_CONVERSION = YES;
				CLANG_WARN_OBJC_IMPLICIT_RETAIN_SELF = YES;
				CLANG_WARN_OBJC_LITERAL_CONVERSION = YES;
				CLANG_WARN_OBJC_ROOT_CLASS = YES_ERROR;
				CLANG_WARN_QUOTED_INCLUDE_IN_FRAMEWORK_HEADER = YES;
				CLANG_WARN_RANGE_LOOP_ANALYSIS = YES;
				CLANG_WARN_STRICT_PROTOTYPES = YES;
				CLANG_WARN_SUSPICIOUS_MOVE = YES;
				CLANG_WARN_UNGUARDED_AVAILABILITY = YES_AGGRESSIVE;
				CLANG_WARN_UNREACHABLE_CODE = YES;
				CLANG_WARN__DUPLICATE_METHOD_MATCH = YES;
				COPY_PHASE_STRIP = NO;
				DEBUG_INFORMATION_FORMAT = "dwarf-with-dsym";
				ENABLE_NS_ASSERTIONS = NO;
				ENABLE_STRICT_OBJC_MSGSEND = YES;
				ENABLE_USER_SCRIPT_SANDBOXING = YES;
				GCC_C_LANGUAGE_STANDARD = gnu17;
				GCC_NO_COMMON_BLOCKS = YES;
				GCC_WARN_64_TO_32_BIT_CONVERSION = YES;
				GCC_WARN_ABOUT_RETURN_TYPE = YES_ERROR;
				GCC_WARN_UNDECLARED_SELECTOR = YES;
				GCC_WARN_UNINITIALIZED_AUTOS = YES_AGGRESSIVE;
				GCC_WARN_UNUSED_FUNCTION = YES;
				GCC_WARN_UNUSED_VARIABLE = YES;
				IPHONEOS_DEPLOYMENT_TARGET = 17.0;
				LOCALIZATION_PREFERS_STRING_CATALOGS = YES;
				MTL_ENABLE_DEBUG_INFO = NO;
				MTL_FAST_MATH = YES;
				SDKROOT = iphoneos;
				SWIFT_COMPILATION_MODE = wholemodule;
				VALIDATE_PRODUCT = YES;
			};
			name = Release;
		};
		B6EAD6DA2BAB860F0021187E /* Debug */ = {
			isa = XCBuildConfiguration;
			buildSettings = {
				ASSETCATALOG_COMPILER_APPICON_NAME = AppIcon;
				ASSETCATALOG_COMPILER_GLOBAL_ACCENT_COLOR_NAME = AccentColor;
				CODE_SIGN_STYLE = Automatic;
				CURRENT_PROJECT_VERSION = 1;
				DEVELOPMENT_TEAM = F6D54EKEXR;
				GENERATE_INFOPLIST_FILE = YES;
				INFOPLIST_FILE = navigationBasics/Info.plist;
				INFOPLIST_KEY_UIApplicationSupportsIndirectInputEvents = YES;
				INFOPLIST_KEY_UILaunchStoryboardName = LaunchScreen;
				INFOPLIST_KEY_UIMainStoryboardFile = Main;
				INFOPLIST_KEY_UISupportedInterfaceOrientations_iPad = "UIInterfaceOrientationPortrait UIInterfaceOrientationPortraitUpsideDown UIInterfaceOrientationLandscapeLeft UIInterfaceOrientationLandscapeRight";
				INFOPLIST_KEY_UISupportedInterfaceOrientations_iPhone = "UIInterfaceOrientationPortrait UIInterfaceOrientationLandscapeLeft UIInterfaceOrientationLandscapeRight";
				LD_RUNPATH_SEARCH_PATHS = (
					"$(inherited)",
					"@executable_path/Frameworks",
				);
				MARKETING_VERSION = 1.0;
				PRODUCT_BUNDLE_IDENTIFIER = io.xotech.navigationBasics;
				PRODUCT_NAME = "$(TARGET_NAME)";
				SWIFT_EMIT_LOC_STRINGS = YES;
				SWIFT_VERSION = 5.0;
				TARGETED_DEVICE_FAMILY = "1,2";
			};
			name = Debug;
		};
		B6EAD6DB2BAB860F0021187E /* Release */ = {
			isa = XCBuildConfiguration;
			buildSettings = {
				ASSETCATALOG_COMPILER_APPICON_NAME = AppIcon;
				ASSETCATALOG_COMPILER_GLOBAL_ACCENT_COLOR_NAME = AccentColor;
				CODE_SIGN_STYLE = Automatic;
				CURRENT_PROJECT_VERSION = 1;
				DEVELOPMENT_TEAM = F6D54EKEXR;
				GENERATE_INFOPLIST_FILE = YES;
				INFOPLIST_FILE = navigationBasics/Info.plist;
				INFOPLIST_KEY_UIApplicationSupportsIndirectInputEvents = YES;
				INFOPLIST_KEY_UILaunchStoryboardName = LaunchScreen;
				INFOPLIST_KEY_UIMainStoryboardFile = Main;
				INFOPLIST_KEY_UISupportedInterfaceOrientations_iPad = "UIInterfaceOrientationPortrait UIInterfaceOrientationPortraitUpsideDown UIInterfaceOrientationLandscapeLeft UIInterfaceOrientationLandscapeRight";
				INFOPLIST_KEY_UISupportedInterfaceOrientations_iPhone = "UIInterfaceOrientationPortrait UIInterfaceOrientationLandscapeLeft UIInterfaceOrientationLandscapeRight";
				LD_RUNPATH_SEARCH_PATHS = (
					"$(inherited)",
					"@executable_path/Frameworks",
				);
				MARKETING_VERSION = 1.0;
				PRODUCT_BUNDLE_IDENTIFIER = io.xotech.navigationBasics;
				PRODUCT_NAME = "$(TARGET_NAME)";
				SWIFT_EMIT_LOC_STRINGS = YES;
				SWIFT_VERSION = 5.0;
				TARGETED_DEVICE_FAMILY = "1,2";
			};
			name = Release;
		};
/* End XCBuildConfiguration section */

/* Begin XCConfigurationList section */
		B6EAD6C02BAB86090021187E /* Build configuration list for PBXProject "navigationBasics" */ = {
			isa = XCConfigurationList;
			buildConfigurations = (
				B6EAD6D72BAB860F0021187E /* Debug */,
				B6EAD6D82BAB860F0021187E /* Release */,
			);
			defaultConfigurationIsVisible = 0;
			defaultConfigurationName = Release;
		};
		B6EAD6D92BAB860F0021187E /* Build configuration list for PBXNativeTarget "navigationBasics" */ = {
			isa = XCConfigurationList;
			buildConfigurations = (
				B6EAD6DA2BAB860F0021187E /* Debug */,
				B6EAD6DB2BAB860F0021187E /* Release */,
			);
			defaultConfigurationIsVisible = 0;
			defaultConfigurationName = Release;
		};
/* End XCConfigurationList section */
	};
	rootObject = B6EAD6BD2BAB86090021187E /* Project object */;
}
