// !$*UTF8*$!
{
	archiveVersion = 1;
	classes = {
	};
	objectVersion = 56;
	objects = {

/* Begin PBXBuildFile section */
		B6C492A02B68F64600F96617 /* AppDelegate.swift in Sources */ = {isa = PBXBuildFile; fileRef = B6C4929F2B68F64600F96617 /* AppDelegate.swift */; };
		B6C492A22B68F64600F96617 /* SceneDelegate.swift in Sources */ = {isa = PBXBuildFile; fileRef = B6C492A12B68F64600F96617 /* SceneDelegate.swift */; };
		B6C492A42B68F64600F96617 /* ViewController.swift in Sources */ = {isa = PBXBuildFile; fileRef = B6C492A32B68F64600F96617 /* ViewController.swift */; };
		B6C492A72B68F64600F96617 /* Main.storyboard in Resources */ = {isa = PBXBuildFile; fileRef = B6C492A52B68F64600F96617 /* Main.storyboard */; };
		B6C492A92B68F64B00F96617 /* Assets.xcassets in Resources */ = {isa = PBXBuildFile; fileRef = B6C492A82B68F64B00F96617 /* Assets.xcassets */; };
		B6C492AC2B68F64B00F96617 /* LaunchScreen.storyboard in Resources */ = {isa = PBXBuildFile; fileRef = B6C492AA2B68F64B00F96617 /* LaunchScreen.storyboard */; };
		B6C492B52B68FC1300F96617 /* CropViewController in Frameworks */ = {isa = PBXBuildFile; productRef = B6C492B42B68FC1300F96617 /* CropViewController */; };
		B6C492B72B68FC1300F96617 /* TOCropViewController in Frameworks */ = {isa = PBXBuildFile; productRef = B6C492B62B68FC1300F96617 /* TOCropViewController */; };
/* End PBXBuildFile section */

/* Begin PBXFileReference section */
		B6C4929C2B68F64600F96617 /* CropImage.app */ = {isa = PBXFileReference; explicitFileType = wrapper.application; includeInIndex = 0; path = CropImage.app; sourceTree = BUILT_PRODUCTS_DIR; };
		B6C4929F2B68F64600F96617 /* AppDelegate.swift */ = {isa = PBXFileReference; lastKnownFileType = sourcecode.swift; path = AppDelegate.swift; sourceTree = "<group>"; };
		B6C492A12B68F64600F96617 /* SceneDelegate.swift */ = {isa = PBXFileReference; lastKnownFileType = sourcecode.swift; path = SceneDelegate.swift; sourceTree = "<group>"; };
		B6C492A32B68F64600F96617 /* ViewController.swift */ = {isa = PBXFileReference; lastKnownFileType = sourcecode.swift; path = ViewController.swift; sourceTree = "<group>"; };
		B6C492A62B68F64600F96617 /* Base */ = {isa = PBXFileReference; lastKnownFileType = file.storyboard; name = Base; path = Base.lproj/Main.storyboard; sourceTree = "<group>"; };
		B6C492A82B68F64B00F96617 /* Assets.xcassets */ = {isa = PBXFileReference; lastKnownFileType = folder.assetcatalog; path = Assets.xcassets; sourceTree = "<group>"; };
		B6C492AB2B68F64B00F96617 /* Base */ = {isa = PBXFileReference; lastKnownFileType = file.storyboard; name = Base; path = Base.lproj/LaunchScreen.storyboard; sourceTree = "<group>"; };
		B6C492AD2B68F64B00F96617 /* Info.plist */ = {isa = PBXFileReference; lastKnownFileType = text.plist.xml; path = Info.plist; sourceTree = "<group>"; };
/* End PBXFileReference section */

/* Begin PBXFrameworksBuildPhase section */
		B6C492992B68F64600F96617 /* Frameworks */ = {
			isa = PBXFrameworksBuildPhase;
			buildActionMask = 2147483647;
			files = (
				B6C492B72B68FC1300F96617 /* TOCropViewController in Frameworks */,
				B6C492B52B68FC1300F96617 /* CropViewController in Frameworks */,
			);
			runOnlyForDeploymentPostprocessing = 0;
		};
/* End PBXFrameworksBuildPhase section */

/* Begin PBXGroup section */
		B6C492932B68F64600F96617 = {
			isa = PBXGroup;
			children = (
				B6C4929E2B68F64600F96617 /* CropImage */,
				B6C4929D2B68F64600F96617 /* Products */,
			);
			sourceTree = "<group>";
		};
		B6C4929D2B68F64600F96617 /* Products */ = {
			isa = PBXGroup;
			children = (
				B6C4929C2B68F64600F96617 /* CropImage.app */,
			);
			name = Products;
			sourceTree = "<group>";
		};
		B6C4929E2B68F64600F96617 /* CropImage */ = {
			isa = PBXGroup;
			children = (
				B6C4929F2B68F64600F96617 /* AppDelegate.swift */,
				B6C492A12B68F64600F96617 /* SceneDelegate.swift */,
				B6C492A32B68F64600F96617 /* ViewController.swift */,
				B6C492A52B68F64600F96617 /* Main.storyboard */,
				B6C492A82B68F64B00F96617 /* Assets.xcassets */,
				B6C492AA2B68F64B00F96617 /* LaunchScreen.storyboard */,
				B6C492AD2B68F64B00F96617 /* Info.plist */,
			);
			path = CropImage;
			sourceTree = "<group>";
		};
/* End PBXGroup section */

/* Begin PBXNativeTarget section */
		B6C4929B2B68F64600F96617 /* CropImage */ = {
			isa = PBXNativeTarget;
			buildConfigurationList = B6C492B02B68F64B00F96617 /* Build configuration list for PBXNativeTarget "CropImage" */;
			buildPhases = (
				B6C492982B68F64600F96617 /* Sources */,
				B6C492992B68F64600F96617 /* Frameworks */,
				B6C4929A2B68F64600F96617 /* Resources */,
			);
			buildRules = (
			);
			dependencies = (
			);
			name = CropImage;
			packageProductDependencies = (
				B6C492B42B68FC1300F96617 /* CropViewController */,
				B6C492B62B68FC1300F96617 /* TOCropViewController */,
			);
			productName = CropImage;
			productReference = B6C4929C2B68F64600F96617 /* CropImage.app */;
			productType = "com.apple.product-type.application";
		};
/* End PBXNativeTarget section */

/* Begin PBXProject section */
		B6C492942B68F64600F96617 /* Project object */ = {
			isa = PBXProject;
			attributes = {
				BuildIndependentTargetsInParallel = 1;
				LastSwiftUpdateCheck = 1500;
				LastUpgradeCheck = 1500;
				TargetAttributes = {
					B6C4929B2B68F64600F96617 = {
						CreatedOnToolsVersion = 15.0;
					};
				};
			};
			buildConfigurationList = B6C492972B68F64600F96617 /* Build configuration list for PBXProject "CropImage" */;
			compatibilityVersion = "Xcode 14.0";
			developmentRegion = en;
			hasScannedForEncodings = 0;
			knownRegions = (
				en,
				Base,
			);
			mainGroup = B6C492932B68F64600F96617;
			packageReferences = (
				B6C492B32B68FC1300F96617 /* XCRemoteSwiftPackageReference "TOCropViewController" */,
			);
			productRefGroup = B6C4929D2B68F64600F96617 /* Products */;
			projectDirPath = "";
			projectRoot = "";
			targets = (
				B6C4929B2B68F64600F96617 /* CropImage */,
			);
		};
/* End PBXProject section */

/* Begin PBXResourcesBuildPhase section */
		B6C4929A2B68F64600F96617 /* Resources */ = {
			isa = PBXResourcesBuildPhase;
			buildActionMask = 2147483647;
			files = (
				B6C492AC2B68F64B00F96617 /* LaunchScreen.storyboard in Resources */,
				B6C492A92B68F64B00F96617 /* Assets.xcassets in Resources */,
				B6C492A72B68F64600F96617 /* Main.storyboard in Resources */,
			);
			runOnlyForDeploymentPostprocessing = 0;
		};
/* End PBXResourcesBuildPhase section */

/* Begin PBXSourcesBuildPhase section */
		B6C492982B68F64600F96617 /* Sources */ = {
			isa = PBXSourcesBuildPhase;
			buildActionMask = 2147483647;
			files = (
				B6C492A42B68F64600F96617 /* ViewController.swift in Sources */,
				B6C492A02B68F64600F96617 /* AppDelegate.swift in Sources */,
				B6C492A22B68F64600F96617 /* SceneDelegate.swift in Sources */,
			);
			runOnlyForDeploymentPostprocessing = 0;
		};
/* End PBXSourcesBuildPhase section */

/* Begin PBXVariantGroup section */
		B6C492A52B68F64600F96617 /* Main.storyboard */ = {
			isa = PBXVariantGroup;
			children = (
				B6C492A62B68F64600F96617 /* Base */,
			);
			name = Main.storyboard;
			sourceTree = "<group>";
		};
		B6C492AA2B68F64B00F96617 /* LaunchScreen.storyboard */ = {
			isa = PBXVariantGroup;
			children = (
				B6C492AB2B68F64B00F96617 /* Base */,
			);
			name = LaunchScreen.storyboard;
			sourceTree = "<group>";
		};
/* End PBXVariantGroup section */

/* Begin XCBuildConfiguration section */
		B6C492AE2B68F64B00F96617 /* Debug */ = {
			isa = XCBuildConfiguration;
			buildSettings = {
				ALWAYS_SEARCH_USER_PATHS = NO;
				ASSETCATALOG_COMPILER_GENERATE_SWIFT_ASSET_SYMBOL_EXTENSIONS = YES;
				CLANG_ANALYZER_NONNULL = YES;
				CLANG_ANALYZER_NUMBER_OBJECT_CONVERSION = YES_AGGRESSIVE;
				CLANG_CXX_LANGUAGE_STANDARD = "gnu++20";
				CLANG_ENABLE_MODULES = YES;
				CLANG_ENABLE_OBJC_ARC = YES;
				CLANG_ENABLE_OBJC_WEAK = YES;
				CLANG_WARN_BLOCK_CAPTURE_AUTORELEASING = YES;
				CLANG_WARN_BOOL_CONVERSION = YES;
				CLANG_WARN_COMMA = YES;
				CLANG_WARN_CONSTANT_CONVERSION = YES;
				CLANG_WARN_DEPRECATED_OBJC_IMPLEMENTATIONS = YES;
				CLANG_WARN_DIRECT_OBJC_ISA_USAGE = YES_ERROR;
				CLANG_WARN_DOCUMENTATION_COMMENTS = YES;
				CLANG_WARN_EMPTY_BODY = YES;
				CLANG_WARN_ENUM_CONVERSION = YES;
				CLANG_WARN_INFINITE_RECURSION = YES;
				CLANG_WARN_INT_CONVERSION = YES;
				CLANG_WARN_NON_LITERAL_NULL_CONVERSION = YES;
				CLANG_WARN_OBJC_IMPLICIT_RETAIN_SELF = YES;
				CLANG_WARN_OBJC_LITERAL_CONVERSION = YES;
				CLANG_WARN_OBJC_ROOT_CLASS = YES_ERROR;
				CLANG_WARN_QUOTED_INCLUDE_IN_FRAMEWORK_HEADER = YES;
				CLANG_WARN_RANGE_LOOP_ANALYSIS = YES;
				CLANG_WARN_STRICT_PROTOTYPES = YES;
				CLANG_WARN_SUSPICIOUS_MOVE = YES;
				CLANG_WARN_UNGUARDED_AVAILABILITY = YES_AGGRESSIVE;
				CLANG_WARN_UNREACHABLE_CODE = YES;
				CLANG_WARN__DUPLICATE_METHOD_MATCH = YES;
				COPY_PHASE_STRIP = NO;
				DEBUG_INFORMATION_FORMAT = dwarf;
				ENABLE_STRICT_OBJC_MSGSEND = YES;
				ENABLE_TESTABILITY = YES;
				ENABLE_USER_SCRIPT_SANDBOXING = YES;
				GCC_C_LANGUAGE_STANDARD = gnu17;
				GCC_DYNAMIC_NO_PIC = NO;
				GCC_NO_COMMON_BLOCKS = YES;
				GCC_OPTIMIZATION_LEVEL = 0;
				GCC_PREPROCESSOR_DEFINITIONS = (
					"DEBUG=1",
					"$(inherited)",
				);
				GCC_WARN_64_TO_32_BIT_CONVERSION = YES;
				GCC_WARN_ABOUT_RETURN_TYPE = YES_ERROR;
				GCC_WARN_UNDECLARED_SELECTOR = YES;
				GCC_WARN_UNINITIALIZED_AUTOS = YES_AGGRESSIVE;
				GCC_WARN_UNUSED_FUNCTION = YES;
				GCC_WARN_UNUSED_VARIABLE = YES;
				IPHONEOS_DEPLOYMENT_TARGET = 17.0;
				LOCALIZATION_PREFERS_STRING_CATALOGS = YES;
				MTL_ENABLE_DEBUG_INFO = INCLUDE_SOURCE;
				MTL_FAST_MATH = YES;
				ONLY_ACTIVE_ARCH = YES;
				SDKROOT = iphoneos;
				SWIFT_ACTIVE_COMPILATION_CONDITIONS = "DEBUG $(inherited)";
				SWIFT_OPTIMIZATION_LEVEL = "-Onone";
			};
			name = Debug;
		};
		B6C492AF2B68F64B00F96617 /* Release */ = {
			isa = XCBuildConfiguration;
			buildSettings = {
				ALWAYS_SEARCH_USER_PATHS = NO;
				ASSETCATALOG_COMPILER_GENERATE_SWIFT_ASSET_SYMBOL_EXTENSIONS = YES;
				CLANG_ANALYZER_NONNULL = YES;
				CLANG_ANALYZER_NUMBER_OBJECT_CONVERSION = YES_AGGRESSIVE;
				CLANG_CXX_LANGUAGE_STANDARD = "gnu++20";
				CLANG_ENABLE_MODULES = YES;
				CLANG_ENABLE_OBJC_ARC = YES;
				CLANG_ENABLE_OBJC_WEAK = YES;
				CLANG_WARN_BLOCK_CAPTURE_AUTORELEASING = YES;
				CLANG_WARN_BOOL_CONVERSION = YES;
				CLANG_WARN_COMMA = YES;
				CLANG_WARN_CONSTANT_CONVERSION = YES;
				CLANG_WARN_DEPRECATED_OBJC_IMPLEMENTATIONS = YES;
				CLANG_WARN_DIRECT_OBJC_ISA_USAGE = YES_ERROR;
				CLANG_WARN_DOCUMENTATION_COMMENTS = YES;
				CLANG_WARN_EMPTY_BODY = YES;
				CLANG_WARN_ENUM_CONVERSION = YES;
				CLANG_WARN_INFINITE_RECURSION = YES;
				CLANG_WARN_INT_CONVERSION = YES;
				CLANG_WARN_NON_LITERAL_NULL_CONVERSION = YES;
				CLANG_WARN_OBJC_IMPLICIT_RETAIN_SELF = YES;
				CLANG_WARN_OBJC_LITERAL_CONVERSION = YES;
				CLANG_WARN_OBJC_ROOT_CLASS = YES_ERROR;
				CLANG_WARN_QUOTED_INCLUDE_IN_FRAMEWORK_HEADER = YES;
				CLANG_WARN_RANGE_LOOP_ANALYSIS = YES;
				CLANG_WARN_STRICT_PROTOTYPES = YES;
				CLANG_WARN_SUSPICIOUS_MOVE = YES;
				CLANG_WARN_UNGUARDED_AVAILABILITY = YES_AGGRESSIVE;
				CLANG_WARN_UNREACHABLE_CODE = YES;
				CLANG_WARN__DUPLICATE_METHOD_MATCH = YES;
				COPY_PHASE_STRIP = NO;
				DEBUG_INFORMATION_FORMAT = "dwarf-with-dsym";
				ENABLE_NS_ASSERTIONS = NO;
				ENABLE_STRICT_OBJC_MSGSEND = YES;
				ENABLE_USER_SCRIPT_SANDBOXING = YES;
				GCC_C_LANGUAGE_STANDARD = gnu17;
				GCC_NO_COMMON_BLOCKS = YES;
				GCC_WARN_64_TO_32_BIT_CONVERSION = YES;
				GCC_WARN_ABOUT_RETURN_TYPE = YES_ERROR;
				GCC_WARN_UNDECLARED_SELECTOR = YES;
				GCC_WARN_UNINITIALIZED_AUTOS = YES_AGGRESSIVE;
				GCC_WARN_UNUSED_FUNCTION = YES;
				GCC_WARN_UNUSED_VARIABLE = YES;
				IPHONEOS_DEPLOYMENT_TARGET = 17.0;
				LOCALIZATION_PREFERS_STRING_CATALOGS = YES;
				MTL_ENABLE_DEBUG_INFO = NO;
				MTL_FAST_MATH = YES;
				SDKROOT = iphoneos;
				SWIFT_COMPILATION_MODE = wholemodule;
				VALIDATE_PRODUCT = YES;
			};
			name = Release;
		};
		B6C492B12B68F64B00F96617 /* Debug */ = {
			isa = XCBuildConfiguration;
			buildSettings = {
				ASSETCATALOG_COMPILER_APPICON_NAME = AppIcon;
				ASSETCATALOG_COMPILER_GLOBAL_ACCENT_COLOR_NAME = AccentColor;
				CODE_SIGN_STYLE = Automatic;
				CURRENT_PROJECT_VERSION = 1;
				DEVELOPMENT_TEAM = F6D54EKEXR;
				GENERATE_INFOPLIST_FILE = YES;
				INFOPLIST_FILE = CropImage/Info.plist;
				INFOPLIST_KEY_NSPhotoLibraryUsageDescription = "Allow Access to Crop Image";
				INFOPLIST_KEY_UIApplicationSupportsIndirectInputEvents = YES;
				INFOPLIST_KEY_UILaunchStoryboardName = LaunchScreen;
				INFOPLIST_KEY_UIMainStoryboardFile = Main;
				INFOPLIST_KEY_UISupportedInterfaceOrientations_iPad = "UIInterfaceOrientationPortrait UIInterfaceOrientationPortraitUpsideDown UIInterfaceOrientationLandscapeLeft UIInterfaceOrientationLandscapeRight";
				INFOPLIST_KEY_UISupportedInterfaceOrientations_iPhone = "UIInterfaceOrientationPortrait UIInterfaceOrientationLandscapeLeft UIInterfaceOrientationLandscapeRight";
				LD_RUNPATH_SEARCH_PATHS = (
					"$(inherited)",
					"@executable_path/Frameworks",
				);
				MARKETING_VERSION = 1.0;
				PRODUCT_BUNDLE_IDENTIFIER = io.xotech.CropImage;
				PRODUCT_NAME = "$(TARGET_NAME)";
				SWIFT_EMIT_LOC_STRINGS = YES;
				SWIFT_VERSION = 5.0;
				TARGETED_DEVICE_FAMILY = "1,2";
			};
			name = Debug;
		};
		B6C492B22B68F64B00F96617 /* Release */ = {
			isa = XCBuildConfiguration;
			buildSettings = {
				ASSETCATALOG_COMPILER_APPICON_NAME = AppIcon;
				ASSETCATALOG_COMPILER_GLOBAL_ACCENT_COLOR_NAME = AccentColor;
				CODE_SIGN_STYLE = Automatic;
				CURRENT_PROJECT_VERSION = 1;
				DEVELOPMENT_TEAM = F6D54EKEXR;
				GENERATE_INFOPLIST_FILE = YES;
				INFOPLIST_FILE = CropImage/Info.plist;
				INFOPLIST_KEY_NSPhotoLibraryUsageDescription = "Allow Access to Crop Image";
				INFOPLIST_KEY_UIApplicationSupportsIndirectInputEvents = YES;
				INFOPLIST_KEY_UILaunchStoryboardName = LaunchScreen;
				INFOPLIST_KEY_UIMainStoryboardFile = Main;
				INFOPLIST_KEY_UISupportedInterfaceOrientations_iPad = "UIInterfaceOrientationPortrait UIInterfaceOrientationPortraitUpsideDown UIInterfaceOrientationLandscapeLeft UIInterfaceOrientationLandscapeRight";
				INFOPLIST_KEY_UISupportedInterfaceOrientations_iPhone = "UIInterfaceOrientationPortrait UIInterfaceOrientationLandscapeLeft UIInterfaceOrientationLandscapeRight";
				LD_RUNPATH_SEARCH_PATHS = (
					"$(inherited)",
					"@executable_path/Frameworks",
				);
				MARKETING_VERSION = 1.0;
				PRODUCT_BUNDLE_IDENTIFIER = io.xotech.CropImage;
				PRODUCT_NAME = "$(TARGET_NAME)";
				SWIFT_EMIT_LOC_STRINGS = YES;
				SWIFT_VERSION = 5.0;
				TARGETED_DEVICE_FAMILY = "1,2";
			};
			name = Release;
		};
/* End XCBuildConfiguration section */

/* Begin XCConfigurationList section */
		B6C492972B68F64600F96617 /* Build configuration list for PBXProject "CropImage" */ = {
			isa = XCConfigurationList;
			buildConfigurations = (
				B6C492AE2B68F64B00F96617 /* Debug */,
				B6C492AF2B68F64B00F96617 /* Release */,
			);
			defaultConfigurationIsVisible = 0;
			defaultConfigurationName = Release;
		};
		B6C492B02B68F64B00F96617 /* Build configuration list for PBXNativeTarget "CropImage" */ = {
			isa = XCConfigurationList;
			buildConfigurations = (
				B6C492B12B68F64B00F96617 /* Debug */,
				B6C492B22B68F64B00F96617 /* Release */,
			);
			defaultConfigurationIsVisible = 0;
			defaultConfigurationName = Release;
		};
/* End XCConfigurationList section */

/* Begin XCRemoteSwiftPackageReference section */
		B6C492B32B68FC1300F96617 /* XCRemoteSwiftPackageReference "TOCropViewController" */ = {
			isa = XCRemoteSwiftPackageReference;
			repositoryURL = "https://github.com/TimOliver/TOCropViewController.git";
			requirement = {
				kind = upToNextMajorVersion;
				minimumVersion = 2.6.1;
			};
		};
/* End XCRemoteSwiftPackageReference section */

/* Begin XCSwiftPackageProductDependency section */
		B6C492B42B68FC1300F96617 /* CropViewController */ = {
			isa = XCSwiftPackageProductDependency;
			package = B6C492B32B68FC1300F96617 /* XCRemoteSwiftPackageReference "TOCropViewController" */;
			productName = CropViewController;
		};
		B6C492B62B68FC1300F96617 /* TOCropViewController */ = {
			isa = XCSwiftPackageProductDependency;
			package = B6C492B32B68FC1300F96617 /* XCRemoteSwiftPackageReference "TOCropViewController" */;
			productName = TOCropViewController;
		};
/* End XCSwiftPackageProductDependency section */
	};
	rootObject = B6C492942B68F64600F96617 /* Project object */;
}
