// !$*UTF8*$!
{
	archiveVersion = 1;
	classes = {
	};
	objectVersion = 56;
	objects = {

/* Begin PBXBuildFile section */
		378A8C2914C4D900288FAB60 /* Pods_ListGridTransitionPod.framework in Frameworks */ = {isa = PBXBuildFile; fileRef = E3323C33DEF0F26F2D105719 /* Pods_ListGridTransitionPod.framework */; };
		B6F327002BBE7831001C5EE5 /* AppDelegate.swift in Sources */ = {isa = PBXBuildFile; fileRef = B6F326FF2BBE7831001C5EE5 /* AppDelegate.swift */; };
		B6F327022BBE7831001C5EE5 /* SceneDelegate.swift in Sources */ = {isa = PBXBuildFile; fileRef = B6F327012BBE7831001C5EE5 /* SceneDelegate.swift */; };
		B6F327042BBE7831001C5EE5 /* ViewController.swift in Sources */ = {isa = PBXBuildFile; fileRef = B6F327032BBE7831001C5EE5 /* ViewController.swift */; };
		B6F327072BBE7831001C5EE5 /* Main.storyboard in Resources */ = {isa = PBXBuildFile; fileRef = B6F327052BBE7831001C5EE5 /* Main.storyboard */; };
		B6F327092BBE7836001C5EE5 /* Assets.xcassets in Resources */ = {isa = PBXBuildFile; fileRef = B6F327082BBE7836001C5EE5 /* Assets.xcassets */; };
		B6F3270C2BBE7836001C5EE5 /* LaunchScreen.storyboard in Resources */ = {isa = PBXBuildFile; fileRef = B6F3270A2BBE7836001C5EE5 /* LaunchScreen.storyboard */; };
		B6F327152BBE7926001C5EE5 /* gridCell.swift in Sources */ = {isa = PBXBuildFile; fileRef = B6F327132BBE7926001C5EE5 /* gridCell.swift */; };
		B6F327162BBE7926001C5EE5 /* gridCell.xib in Resources */ = {isa = PBXBuildFile; fileRef = B6F327142BBE7926001C5EE5 /* gridCell.xib */; };
		B6F327192BBE7938001C5EE5 /* listCell.swift in Sources */ = {isa = PBXBuildFile; fileRef = B6F327172BBE7938001C5EE5 /* listCell.swift */; };
		B6F3271A2BBE7938001C5EE5 /* listCell.xib in Resources */ = {isa = PBXBuildFile; fileRef = B6F327182BBE7938001C5EE5 /* listCell.xib */; };
/* End PBXBuildFile section */

/* Begin PBXFileReference section */
		1B43B97533DF5FA05F50ACF5 /* Pods-ListGridTransitionPod.release.xcconfig */ = {isa = PBXFileReference; includeInIndex = 1; lastKnownFileType = text.xcconfig; name = "Pods-ListGridTransitionPod.release.xcconfig"; path = "Target Support Files/Pods-ListGridTransitionPod/Pods-ListGridTransitionPod.release.xcconfig"; sourceTree = "<group>"; };
		ADAD78AEB37CCAE7F60AF488 /* Pods-ListGridTransitionPod.debug.xcconfig */ = {isa = PBXFileReference; includeInIndex = 1; lastKnownFileType = text.xcconfig; name = "Pods-ListGridTransitionPod.debug.xcconfig"; path = "Target Support Files/Pods-ListGridTransitionPod/Pods-ListGridTransitionPod.debug.xcconfig"; sourceTree = "<group>"; };
		B6F326FC2BBE7831001C5EE5 /* ListGridTransitionPod.app */ = {isa = PBXFileReference; explicitFileType = wrapper.application; includeInIndex = 0; path = ListGridTransitionPod.app; sourceTree = BUILT_PRODUCTS_DIR; };
		B6F326FF2BBE7831001C5EE5 /* AppDelegate.swift */ = {isa = PBXFileReference; lastKnownFileType = sourcecode.swift; path = AppDelegate.swift; sourceTree = "<group>"; };
		B6F327012BBE7831001C5EE5 /* SceneDelegate.swift */ = {isa = PBXFileReference; lastKnownFileType = sourcecode.swift; path = SceneDelegate.swift; sourceTree = "<group>"; };
		B6F327032BBE7831001C5EE5 /* ViewController.swift */ = {isa = PBXFileReference; lastKnownFileType = sourcecode.swift; path = ViewController.swift; sourceTree = "<group>"; };
		B6F327062BBE7831001C5EE5 /* Base */ = {isa = PBXFileReference; lastKnownFileType = file.storyboard; name = Base; path = Base.lproj/Main.storyboard; sourceTree = "<group>"; };
		B6F327082BBE7836001C5EE5 /* Assets.xcassets */ = {isa = PBXFileReference; lastKnownFileType = folder.assetcatalog; path = Assets.xcassets; sourceTree = "<group>"; };
		B6F3270B2BBE7836001C5EE5 /* Base */ = {isa = PBXFileReference; lastKnownFileType = file.storyboard; name = Base; path = Base.lproj/LaunchScreen.storyboard; sourceTree = "<group>"; };
		B6F3270D2BBE7836001C5EE5 /* Info.plist */ = {isa = PBXFileReference; lastKnownFileType = text.plist.xml; path = Info.plist; sourceTree = "<group>"; };
		B6F327132BBE7926001C5EE5 /* gridCell.swift */ = {isa = PBXFileReference; lastKnownFileType = sourcecode.swift; path = gridCell.swift; sourceTree = "<group>"; };
		B6F327142BBE7926001C5EE5 /* gridCell.xib */ = {isa = PBXFileReference; lastKnownFileType = file.xib; path = gridCell.xib; sourceTree = "<group>"; };
		B6F327172BBE7938001C5EE5 /* listCell.swift */ = {isa = PBXFileReference; lastKnownFileType = sourcecode.swift; path = listCell.swift; sourceTree = "<group>"; };
		B6F327182BBE7938001C5EE5 /* listCell.xib */ = {isa = PBXFileReference; lastKnownFileType = file.xib; path = listCell.xib; sourceTree = "<group>"; };
		E3323C33DEF0F26F2D105719 /* Pods_ListGridTransitionPod.framework */ = {isa = PBXFileReference; explicitFileType = wrapper.framework; includeInIndex = 0; path = Pods_ListGridTransitionPod.framework; sourceTree = BUILT_PRODUCTS_DIR; };
/* End PBXFileReference section */

/* Begin PBXFrameworksBuildPhase section */
		B6F326F92BBE7831001C5EE5 /* Frameworks */ = {
			isa = PBXFrameworksBuildPhase;
			buildActionMask = 2147483647;
			files = (
				378A8C2914C4D900288FAB60 /* Pods_ListGridTransitionPod.framework in Frameworks */,
			);
			runOnlyForDeploymentPostprocessing = 0;
		};
/* End PBXFrameworksBuildPhase section */

/* Begin PBXGroup section */
		3316B9392FF729DF91500A89 /* Pods */ = {
			isa = PBXGroup;
			children = (
				ADAD78AEB37CCAE7F60AF488 /* Pods-ListGridTransitionPod.debug.xcconfig */,
				1B43B97533DF5FA05F50ACF5 /* Pods-ListGridTransitionPod.release.xcconfig */,
			);
			path = Pods;
			sourceTree = "<group>";
		};
		8DFF1D5E08C1B53255F5D724 /* Frameworks */ = {
			isa = PBXGroup;
			children = (
				E3323C33DEF0F26F2D105719 /* Pods_ListGridTransitionPod.framework */,
			);
			name = Frameworks;
			sourceTree = "<group>";
		};
		B6F326F32BBE7831001C5EE5 = {
			isa = PBXGroup;
			children = (
				B6F326FE2BBE7831001C5EE5 /* ListGridTransitionPod */,
				B6F326FD2BBE7831001C5EE5 /* Products */,
				3316B9392FF729DF91500A89 /* Pods */,
				8DFF1D5E08C1B53255F5D724 /* Frameworks */,
			);
			sourceTree = "<group>";
		};
		B6F326FD2BBE7831001C5EE5 /* Products */ = {
			isa = PBXGroup;
			children = (
				B6F326FC2BBE7831001C5EE5 /* ListGridTransitionPod.app */,
			);
			name = Products;
			sourceTree = "<group>";
		};
		B6F326FE2BBE7831001C5EE5 /* ListGridTransitionPod */ = {
			isa = PBXGroup;
			children = (
				B6F326FF2BBE7831001C5EE5 /* AppDelegate.swift */,
				B6F327012BBE7831001C5EE5 /* SceneDelegate.swift */,
				B6F327032BBE7831001C5EE5 /* ViewController.swift */,
				B6F327052BBE7831001C5EE5 /* Main.storyboard */,
				B6F327082BBE7836001C5EE5 /* Assets.xcassets */,
				B6F3270A2BBE7836001C5EE5 /* LaunchScreen.storyboard */,
				B6F3270D2BBE7836001C5EE5 /* Info.plist */,
				B6F327132BBE7926001C5EE5 /* gridCell.swift */,
				B6F327142BBE7926001C5EE5 /* gridCell.xib */,
				B6F327172BBE7938001C5EE5 /* listCell.swift */,
				B6F327182BBE7938001C5EE5 /* listCell.xib */,
			);
			path = ListGridTransitionPod;
			sourceTree = "<group>";
		};
/* End PBXGroup section */

/* Begin PBXNativeTarget section */
		B6F326FB2BBE7831001C5EE5 /* ListGridTransitionPod */ = {
			isa = PBXNativeTarget;
			buildConfigurationList = B6F327102BBE7836001C5EE5 /* Build configuration list for PBXNativeTarget "ListGridTransitionPod" */;
			buildPhases = (
				CE7DD7B21CAF58208B93CA4F /* [CP] Check Pods Manifest.lock */,
				B6F326F82BBE7831001C5EE5 /* Sources */,
				B6F326F92BBE7831001C5EE5 /* Frameworks */,
				B6F326FA2BBE7831001C5EE5 /* Resources */,
				CE8A8E071313446E2CEFF349 /* [CP] Embed Pods Frameworks */,
			);
			buildRules = (
			);
			dependencies = (
			);
			name = ListGridTransitionPod;
			productName = ListGridTransitionPod;
			productReference = B6F326FC2BBE7831001C5EE5 /* ListGridTransitionPod.app */;
			productType = "com.apple.product-type.application";
		};
/* End PBXNativeTarget section */

/* Begin PBXProject section */
		B6F326F42BBE7831001C5EE5 /* Project object */ = {
			isa = PBXProject;
			attributes = {
				BuildIndependentTargetsInParallel = 1;
				LastSwiftUpdateCheck = 1500;
				LastUpgradeCheck = 1500;
				TargetAttributes = {
					B6F326FB2BBE7831001C5EE5 = {
						CreatedOnToolsVersion = 15.0;
					};
				};
			};
			buildConfigurationList = B6F326F72BBE7831001C5EE5 /* Build configuration list for PBXProject "ListGridTransitionPod" */;
			compatibilityVersion = "Xcode 14.0";
			developmentRegion = en;
			hasScannedForEncodings = 0;
			knownRegions = (
				en,
				Base,
			);
			mainGroup = B6F326F32BBE7831001C5EE5;
			productRefGroup = B6F326FD2BBE7831001C5EE5 /* Products */;
			projectDirPath = "";
			projectRoot = "";
			targets = (
				B6F326FB2BBE7831001C5EE5 /* ListGridTransitionPod */,
			);
		};
/* End PBXProject section */

/* Begin PBXResourcesBuildPhase section */
		B6F326FA2BBE7831001C5EE5 /* Resources */ = {
			isa = PBXResourcesBuildPhase;
			buildActionMask = 2147483647;
			files = (
				B6F3271A2BBE7938001C5EE5 /* listCell.xib in Resources */,
				B6F3270C2BBE7836001C5EE5 /* LaunchScreen.storyboard in Resources */,
				B6F327092BBE7836001C5EE5 /* Assets.xcassets in Resources */,
				B6F327072BBE7831001C5EE5 /* Main.storyboard in Resources */,
				B6F327162BBE7926001C5EE5 /* gridCell.xib in Resources */,
			);
			runOnlyForDeploymentPostprocessing = 0;
		};
/* End PBXResourcesBuildPhase section */

/* Begin PBXShellScriptBuildPhase section */
		CE7DD7B21CAF58208B93CA4F /* [CP] Check Pods Manifest.lock */ = {
			isa = PBXShellScriptBuildPhase;
			buildActionMask = 2147483647;
			files = (
			);
			inputFileListPaths = (
			);
			inputPaths = (
				"${PODS_PODFILE_DIR_PATH}/Podfile.lock",
				"${PODS_ROOT}/Manifest.lock",
			);
			name = "[CP] Check Pods Manifest.lock";
			outputFileListPaths = (
			);
			outputPaths = (
				"$(DERIVED_FILE_DIR)/Pods-ListGridTransitionPod-checkManifestLockResult.txt",
			);
			runOnlyForDeploymentPostprocessing = 0;
			shellPath = /bin/sh;
			shellScript = "diff \"${PODS_PODFILE_DIR_PATH}/Podfile.lock\" \"${PODS_ROOT}/Manifest.lock\" > /dev/null\nif [ $? != 0 ] ; then\n    # print error to STDERR\n    echo \"error: The sandbox is not in sync with the Podfile.lock. Run 'pod install' or update your CocoaPods installation.\" >&2\n    exit 1\nfi\n# This output is used by Xcode 'outputs' to avoid re-running this script phase.\necho \"SUCCESS\" > \"${SCRIPT_OUTPUT_FILE_0}\"\n";
			showEnvVarsInLog = 0;
		};
		CE8A8E071313446E2CEFF349 /* [CP] Embed Pods Frameworks */ = {
			isa = PBXShellScriptBuildPhase;
			buildActionMask = 2147483647;
			files = (
			);
			inputFileListPaths = (
				"${PODS_ROOT}/Target Support Files/Pods-ListGridTransitionPod/Pods-ListGridTransitionPod-frameworks-${CONFIGURATION}-input-files.xcfilelist",
			);
			name = "[CP] Embed Pods Frameworks";
			outputFileListPaths = (
				"${PODS_ROOT}/Target Support Files/Pods-ListGridTransitionPod/Pods-ListGridTransitionPod-frameworks-${CONFIGURATION}-output-files.xcfilelist",
			);
			runOnlyForDeploymentPostprocessing = 0;
			shellPath = /bin/sh;
			shellScript = "\"${PODS_ROOT}/Target Support Files/Pods-ListGridTransitionPod/Pods-ListGridTransitionPod-frameworks.sh\"\n";
			showEnvVarsInLog = 0;
		};
/* End PBXShellScriptBuildPhase section */

/* Begin PBXSourcesBuildPhase section */
		B6F326F82BBE7831001C5EE5 /* Sources */ = {
			isa = PBXSourcesBuildPhase;
			buildActionMask = 2147483647;
			files = (
				B6F327042BBE7831001C5EE5 /* ViewController.swift in Sources */,
				B6F327002BBE7831001C5EE5 /* AppDelegate.swift in Sources */,
				B6F327022BBE7831001C5EE5 /* SceneDelegate.swift in Sources */,
				B6F327192BBE7938001C5EE5 /* listCell.swift in Sources */,
				B6F327152BBE7926001C5EE5 /* gridCell.swift in Sources */,
			);
			runOnlyForDeploymentPostprocessing = 0;
		};
/* End PBXSourcesBuildPhase section */

/* Begin PBXVariantGroup section */
		B6F327052BBE7831001C5EE5 /* Main.storyboard */ = {
			isa = PBXVariantGroup;
			children = (
				B6F327062BBE7831001C5EE5 /* Base */,
			);
			name = Main.storyboard;
			sourceTree = "<group>";
		};
		B6F3270A2BBE7836001C5EE5 /* LaunchScreen.storyboard */ = {
			isa = PBXVariantGroup;
			children = (
				B6F3270B2BBE7836001C5EE5 /* Base */,
			);
			name = LaunchScreen.storyboard;
			sourceTree = "<group>";
		};
/* End PBXVariantGroup section */

/* Begin XCBuildConfiguration section */
		B6F3270E2BBE7836001C5EE5 /* Debug */ = {
			isa = XCBuildConfiguration;
			buildSettings = {
				ALWAYS_SEARCH_USER_PATHS = NO;
				ASSETCATALOG_COMPILER_GENERATE_SWIFT_ASSET_SYMBOL_EXTENSIONS = YES;
				CLANG_ANALYZER_NONNULL = YES;
				CLANG_ANALYZER_NUMBER_OBJECT_CONVERSION = YES_AGGRESSIVE;
				CLANG_CXX_LANGUAGE_STANDARD = "gnu++20";
				CLANG_ENABLE_MODULES = YES;
				CLANG_ENABLE_OBJC_ARC = YES;
				CLANG_ENABLE_OBJC_WEAK = YES;
				CLANG_WARN_BLOCK_CAPTURE_AUTORELEASING = YES;
				CLANG_WARN_BOOL_CONVERSION = YES;
				CLANG_WARN_COMMA = YES;
				CLANG_WARN_CONSTANT_CONVERSION = YES;
				CLANG_WARN_DEPRECATED_OBJC_IMPLEMENTATIONS = YES;
				CLANG_WARN_DIRECT_OBJC_ISA_USAGE = YES_ERROR;
				CLANG_WARN_DOCUMENTATION_COMMENTS = YES;
				CLANG_WARN_EMPTY_BODY = YES;
				CLANG_WARN_ENUM_CONVERSION = YES;
				CLANG_WARN_INFINITE_RECURSION = YES;
				CLANG_WARN_INT_CONVERSION = YES;
				CLANG_WARN_NON_LITERAL_NULL_CONVERSION = YES;
				CLANG_WARN_OBJC_IMPLICIT_RETAIN_SELF = YES;
				CLANG_WARN_OBJC_LITERAL_CONVERSION = YES;
				CLANG_WARN_OBJC_ROOT_CLASS = YES_ERROR;
				CLANG_WARN_QUOTED_INCLUDE_IN_FRAMEWORK_HEADER = YES;
				CLANG_WARN_RANGE_LOOP_ANALYSIS = YES;
				CLANG_WARN_STRICT_PROTOTYPES = YES;
				CLANG_WARN_SUSPICIOUS_MOVE = YES;
				CLANG_WARN_UNGUARDED_AVAILABILITY = YES_AGGRESSIVE;
				CLANG_WARN_UNREACHABLE_CODE = YES;
				CLANG_WARN__DUPLICATE_METHOD_MATCH = YES;
				COPY_PHASE_STRIP = NO;
				DEBUG_INFORMATION_FORMAT = dwarf;
				ENABLE_STRICT_OBJC_MSGSEND = YES;
				ENABLE_TESTABILITY = YES;
				ENABLE_USER_SCRIPT_SANDBOXING = YES;
				GCC_C_LANGUAGE_STANDARD = gnu17;
				GCC_DYNAMIC_NO_PIC = NO;
				GCC_NO_COMMON_BLOCKS = YES;
				GCC_OPTIMIZATION_LEVEL = 0;
				GCC_PREPROCESSOR_DEFINITIONS = (
					"DEBUG=1",
					"$(inherited)",
				);
				GCC_WARN_64_TO_32_BIT_CONVERSION = YES;
				GCC_WARN_ABOUT_RETURN_TYPE = YES_ERROR;
				GCC_WARN_UNDECLARED_SELECTOR = YES;
				GCC_WARN_UNINITIALIZED_AUTOS = YES_AGGRESSIVE;
				GCC_WARN_UNUSED_FUNCTION = YES;
				GCC_WARN_UNUSED_VARIABLE = YES;
				IPHONEOS_DEPLOYMENT_TARGET = 15.0;
				LOCALIZATION_PREFERS_STRING_CATALOGS = YES;
				MTL_ENABLE_DEBUG_INFO = INCLUDE_SOURCE;
				MTL_FAST_MATH = YES;
				ONLY_ACTIVE_ARCH = YES;
				SDKROOT = iphoneos;
				SWIFT_ACTIVE_COMPILATION_CONDITIONS = "DEBUG $(inherited)";
				SWIFT_OPTIMIZATION_LEVEL = "-Onone";
			};
			name = Debug;
		};
		B6F3270F2BBE7836001C5EE5 /* Release */ = {
			isa = XCBuildConfiguration;
			buildSettings = {
				ALWAYS_SEARCH_USER_PATHS = NO;
				ASSETCATALOG_COMPILER_GENERATE_SWIFT_ASSET_SYMBOL_EXTENSIONS = YES;
				CLANG_ANALYZER_NONNULL = YES;
				CLANG_ANALYZER_NUMBER_OBJECT_CONVERSION = YES_AGGRESSIVE;
				CLANG_CXX_LANGUAGE_STANDARD = "gnu++20";
				CLANG_ENABLE_MODULES = YES;
				CLANG_ENABLE_OBJC_ARC = YES;
				CLANG_ENABLE_OBJC_WEAK = YES;
				CLANG_WARN_BLOCK_CAPTURE_AUTORELEASING = YES;
				CLANG_WARN_BOOL_CONVERSION = YES;
				CLANG_WARN_COMMA = YES;
				CLANG_WARN_CONSTANT_CONVERSION = YES;
				CLANG_WARN_DEPRECATED_OBJC_IMPLEMENTATIONS = YES;
				CLANG_WARN_DIRECT_OBJC_ISA_USAGE = YES_ERROR;
				CLANG_WARN_DOCUMENTATION_COMMENTS = YES;
				CLANG_WARN_EMPTY_BODY = YES;
				CLANG_WARN_ENUM_CONVERSION = YES;
				CLANG_WARN_INFINITE_RECURSION = YES;
				CLANG_WARN_INT_CONVERSION = YES;
				CLANG_WARN_NON_LITERAL_NULL_CONVERSION = YES;
				CLANG_WARN_OBJC_IMPLICIT_RETAIN_SELF = YES;
				CLANG_WARN_OBJC_LITERAL_CONVERSION = YES;
				CLANG_WARN_OBJC_ROOT_CLASS = YES_ERROR;
				CLANG_WARN_QUOTED_INCLUDE_IN_FRAMEWORK_HEADER = YES;
				CLANG_WARN_RANGE_LOOP_ANALYSIS = YES;
				CLANG_WARN_STRICT_PROTOTYPES = YES;
				CLANG_WARN_SUSPICIOUS_MOVE = YES;
				CLANG_WARN_UNGUARDED_AVAILABILITY = YES_AGGRESSIVE;
				CLANG_WARN_UNREACHABLE_CODE = YES;
				CLANG_WARN__DUPLICATE_METHOD_MATCH = YES;
				COPY_PHASE_STRIP = NO;
				DEBUG_INFORMATION_FORMAT = "dwarf-with-dsym";
				ENABLE_NS_ASSERTIONS = NO;
				ENABLE_STRICT_OBJC_MSGSEND = YES;
				ENABLE_USER_SCRIPT_SANDBOXING = YES;
				GCC_C_LANGUAGE_STANDARD = gnu17;
				GCC_NO_COMMON_BLOCKS = YES;
				GCC_WARN_64_TO_32_BIT_CONVERSION = YES;
				GCC_WARN_ABOUT_RETURN_TYPE = YES_ERROR;
				GCC_WARN_UNDECLARED_SELECTOR = YES;
				GCC_WARN_UNINITIALIZED_AUTOS = YES_AGGRESSIVE;
				GCC_WARN_UNUSED_FUNCTION = YES;
				GCC_WARN_UNUSED_VARIABLE = YES;
				IPHONEOS_DEPLOYMENT_TARGET = 15.0;
				LOCALIZATION_PREFERS_STRING_CATALOGS = YES;
				MTL_ENABLE_DEBUG_INFO = NO;
				MTL_FAST_MATH = YES;
				SDKROOT = iphoneos;
				SWIFT_COMPILATION_MODE = wholemodule;
				VALIDATE_PRODUCT = YES;
			};
			name = Release;
		};
		B6F327112BBE7836001C5EE5 /* Debug */ = {
			isa = XCBuildConfiguration;
			baseConfigurationReference = ADAD78AEB37CCAE7F60AF488 /* Pods-ListGridTransitionPod.debug.xcconfig */;
			buildSettings = {
				ASSETCATALOG_COMPILER_APPICON_NAME = AppIcon;
				ASSETCATALOG_COMPILER_GLOBAL_ACCENT_COLOR_NAME = AccentColor;
				CODE_SIGN_STYLE = Automatic;
				CURRENT_PROJECT_VERSION = 1;
				DEVELOPMENT_TEAM = F6D54EKEXR;
				ENABLE_USER_SCRIPT_SANDBOXING = NO;
				GENERATE_INFOPLIST_FILE = YES;
				INFOPLIST_FILE = ListGridTransitionPod/Info.plist;
				INFOPLIST_KEY_UIApplicationSupportsIndirectInputEvents = YES;
				INFOPLIST_KEY_UILaunchStoryboardName = LaunchScreen;
				INFOPLIST_KEY_UIMainStoryboardFile = Main;
				INFOPLIST_KEY_UISupportedInterfaceOrientations_iPad = "UIInterfaceOrientationPortrait UIInterfaceOrientationPortraitUpsideDown UIInterfaceOrientationLandscapeLeft UIInterfaceOrientationLandscapeRight";
				INFOPLIST_KEY_UISupportedInterfaceOrientations_iPhone = "UIInterfaceOrientationPortrait UIInterfaceOrientationLandscapeLeft UIInterfaceOrientationLandscapeRight";
				IPHONEOS_DEPLOYMENT_TARGET = 13.0;
				LD_RUNPATH_SEARCH_PATHS = (
					"$(inherited)",
					"@executable_path/Frameworks",
				);
				MARKETING_VERSION = 1.0;
				PRODUCT_BUNDLE_IDENTIFIER = io.xotech.ListGridTransitionPod;
				PRODUCT_NAME = "$(TARGET_NAME)";
				SWIFT_EMIT_LOC_STRINGS = YES;
				SWIFT_VERSION = 5.0;
				TARGETED_DEVICE_FAMILY = "1,2";
			};
			name = Debug;
		};
		B6F327122BBE7836001C5EE5 /* Release */ = {
			isa = XCBuildConfiguration;
			baseConfigurationReference = 1B43B97533DF5FA05F50ACF5 /* Pods-ListGridTransitionPod.release.xcconfig */;
			buildSettings = {
				ASSETCATALOG_COMPILER_APPICON_NAME = AppIcon;
				ASSETCATALOG_COMPILER_GLOBAL_ACCENT_COLOR_NAME = AccentColor;
				CODE_SIGN_STYLE = Automatic;
				CURRENT_PROJECT_VERSION = 1;
				DEVELOPMENT_TEAM = F6D54EKEXR;
				ENABLE_USER_SCRIPT_SANDBOXING = NO;
				GENERATE_INFOPLIST_FILE = YES;
				INFOPLIST_FILE = ListGridTransitionPod/Info.plist;
				INFOPLIST_KEY_UIApplicationSupportsIndirectInputEvents = YES;
				INFOPLIST_KEY_UILaunchStoryboardName = LaunchScreen;
				INFOPLIST_KEY_UIMainStoryboardFile = Main;
				INFOPLIST_KEY_UISupportedInterfaceOrientations_iPad = "UIInterfaceOrientationPortrait UIInterfaceOrientationPortraitUpsideDown UIInterfaceOrientationLandscapeLeft UIInterfaceOrientationLandscapeRight";
				INFOPLIST_KEY_UISupportedInterfaceOrientations_iPhone = "UIInterfaceOrientationPortrait UIInterfaceOrientationLandscapeLeft UIInterfaceOrientationLandscapeRight";
				IPHONEOS_DEPLOYMENT_TARGET = 13.0;
				LD_RUNPATH_SEARCH_PATHS = (
					"$(inherited)",
					"@executable_path/Frameworks",
				);
				MARKETING_VERSION = 1.0;
				PRODUCT_BUNDLE_IDENTIFIER = io.xotech.ListGridTransitionPod;
				PRODUCT_NAME = "$(TARGET_NAME)";
				SWIFT_EMIT_LOC_STRINGS = YES;
				SWIFT_VERSION = 5.0;
				TARGETED_DEVICE_FAMILY = "1,2";
			};
			name = Release;
		};
/* End XCBuildConfiguration section */

/* Begin XCConfigurationList section */
		B6F326F72BBE7831001C5EE5 /* Build configuration list for PBXProject "ListGridTransitionPod" */ = {
			isa = XCConfigurationList;
			buildConfigurations = (
				B6F3270E2BBE7836001C5EE5 /* Debug */,
				B6F3270F2BBE7836001C5EE5 /* Release */,
			);
			defaultConfigurationIsVisible = 0;
			defaultConfigurationName = Release;
		};
		B6F327102BBE7836001C5EE5 /* Build configuration list for PBXNativeTarget "ListGridTransitionPod" */ = {
			isa = XCConfigurationList;
			buildConfigurations = (
				B6F327112BBE7836001C5EE5 /* Debug */,
				B6F327122BBE7836001C5EE5 /* Release */,
			);
			defaultConfigurationIsVisible = 0;
			defaultConfigurationName = Release;
		};
/* End XCConfigurationList section */
	};
	rootObject = B6F326F42BBE7831001C5EE5 /* Project object */;
}
